
Microsoft Visual Studio Solution File, Format Version 12.00
# Visual Studio Version 17
VisualStudioVersion = 17.7.34221.43
MinimumVisualStudioVersion = 10.0.40219.1
Project("{FAE04EC0-301F-11D3-BF4B-00C04F79EFBC}") = "EF1", "EF\EF1.csproj", "{571F417D-E20C-44F1-A9A2-C4F4F9CE97A9}"
EndProject
Global
	GlobalSection(SolutionConfigurationPlatforms) = preSolution
		Debug|Any CPU = Debug|Any CPU
		Release|Any CPU = Release|Any CPU
	EndGlobalSection
	GlobalSection(ProjectConfigurationPlatforms) = postSolution
		{571F417D-E20C-44F1-A9A2-C4F4F9CE97A9}.Debug|Any CPU.ActiveCfg = Debug|Any CPU
		{571F417D-E20C-44F1-A9A2-C4F4F9CE97A9}.Debug|Any CPU.Build.0 = Debug|Any CPU
		{571F417D-E20C-44F1-A9A2-C4F4F9CE97A9}.Release|Any CPU.ActiveCfg = Release|Any CPU
		{571F417D-E20C-44F1-A9A2-C4F4F9CE97A9}.Release|Any CPU.Build.0 = Release|Any CPU
	EndGlobalSection
	GlobalSection(SolutionProperties) = preSolution
		HideSolutionNode = FALSE
	EndGlobalSection
	GlobalSection(ExtensibilityGlobals) = postSolution
		SolutionGuid = {A6D676F3-5D15-492C-B356-E3F53092779B}
	EndGlobalSection
EndGlobal
